{
  "originHash" : "2187611c03d6a98cd5645a4f1716c8a9a51beac07140d75d885aff0038090acd",
  "pins" : [
    {
      "identity" : "snapcore",
      "kind" : "remoteSourceControl",
      "location" : "https://github.com/AryanRogye/SnapCore",
      "state" : {
        "branch" : "main",
        "revision" : "9f5b6f3aaecd8a4a1d6a58220d6a8ae422a9c247"
      }
    }
  ],
  "version" : 3
}
