{
  "originHash" : "2187611c03d6a98cd5645a4f1716c8a9a51beac07140d75d885aff0038090acd",
  "pins" : [
    {
      "identity" : "snapcore",
      "kind" : "remoteSourceControl",
      "location" : "https://github.com/AryanRogye/SnapCore",
      "state" : {
        "branch" : "main",
        "revision" : "bd0a4373dc4f9ae61822aa6e57b2060432d18b07"
      }
    },
    {
      "identity" : "swift-collections",
      "kind" : "remoteSourceControl",
      "location" : "https://github.com/apple/swift-collections.git",
      "state" : {
        "revision" : "6675bc0ff86e61436e615df6fc5174e043e57924",
        "version" : "1.4.1"
      }
    }
  ],
  "version" : 3
}
